# THIS IS AN AUTOGENERATED FILE. DO NOT EDIT THIS FILE DIRECTLY.
# yarn lockfile v1
async@^1.2.1:
  version "1.5.2"
  resolved "https://registry.yarnpkg.com/async/-/async-1.5.2.tgz#ec6a61ae56480c0c3cb241c95618e20892f9672a"

cli-table@^0.3.1:
  version "0.3.1"
  resolved "https://registry.yarnpkg.com/cli-table/-/cli-table-0.3.1.tgz#f53b05266a8b1a0b934b3d0821e6e2dc5914ae23"
  dependencies:
    colors "1.0.3"

colors@1.0.3:
  version "1.0.3"
  resolved "https://registry.yarnpkg.com/colors/-/colors-1.0.3.tgz#0433f44d809680fdeb60ed260f1b0c262e82a40b"

commander@^2.8.1:
  version "2.9.0"
  resolved "https://registry.yarnpkg.com/commander/-/commander-2.9.0.tgz#9c99094176e12240cb22d6c5146098400fe0f7d4"
  dependencies:
    graceful-readlink ">= 1.0.0"

csv:
  version "1.1.0"
  resolved "https://registry.yarnpkg.com/csv/-/csv-1.1.0.tgz#0da30872c5cca486a4b5a0edbb52b2dbf6eb30ef"
  dependencies:
    csv-generate "^1.0.0"
    csv-parse "^1.1.0"
    csv-stringify "^1.0.0"
    stream-transform "^0.1.0"

csv-generate@^1.0.0:
  version "1.0.0"
  resolved "https://registry.yarnpkg.com/csv-generate/-/csv-generate-1.0.0.tgz#bd52886859d0c925f3e51f60f3abed262fa15caf"

csv-parse@^1.1.0:
  version "1.1.7"
  resolved "https://registry.yarnpkg.com/csv-parse/-/csv-parse-1.1.7.tgz#6e4678f7967013ac823929a4303a3ce177115abc"

csv-stringify@^1.0.0:
  version "1.0.4"
  resolved "https://registry.yarnpkg.com/csv-stringify/-/csv-stringify-1.0.4.tgz#bc18bab9ad4cef3195fd257980b58b479c42d3e5"
  dependencies:
    lodash.get "^4.0.0"

csvtojson:
  version "1.0.3"
  resolved "https://registry.yarnpkg.com/csvtojson/-/csvtojson-1.0.3.tgz#a11a5894ac41bfacff99accc4aee7a0b8fce8f9f"
  dependencies:
    async "^1.2.1"
    minimist "^1.2.0"

debug@^2.2.0:
  version "2.2.0"
  resolved "https://registry.yarnpkg.com/debug/-/debug-2.2.0.tgz#f87057e995b1a1f6ae6a4960664137bc56f039da"
  dependencies:
    ms "0.7.1"

flat@^2.0.0:
  version "2.0.1"
  resolved "https://registry.yarnpkg.com/flat/-/flat-2.0.1.tgz#70e29188a74be0c3c89409eed1fa9577907ae32f"
  dependencies:
    is-buffer "~1.1.2"

"graceful-readlink@>= 1.0.0":
  version "1.0.1"
  resolved "https://registry.yarnpkg.com/graceful-readlink/-/graceful-readlink-1.0.1.tgz#4cafad76bc62f02fa039b2f94e9a3dd3a391a725"

is-buffer@~1.1.2:
  version "1.1.4"
  resolved "https://registry.yarnpkg.com/is-buffer/-/is-buffer-1.1.4.tgz#cfc86ccd5dc5a52fa80489111c6920c457e2d98b"

json2csv:
  version "3.7.0"
  resolved "https://registry.yarnpkg.com/json2csv/-/json2csv-3.7.0.tgz#2e2356c7c3269e8ac7cee85cdcb500234fb888f7"
  dependencies:
    cli-table "^0.3.1"
    commander "^2.8.1"
    debug "^2.2.0"
    flat "^2.0.0"
    lodash.clonedeep "^4.3.0"
    lodash.flatten "^4.2.0"
    lodash.get "^4.3.0"
    lodash.set "^4.3.0"
    lodash.uniq "^4.3.0"
    path-is-absolute "^1.0.0"

lodash:
  version "4.16.4"
  resolved "https://registry.yarnpkg.com/lodash/-/lodash-4.16.4.tgz#01ce306b9bad1319f2a5528674f88297aeb70127"

lodash.clonedeep@^4.3.0:
  version "4.5.0"
  resolved "https://registry.yarnpkg.com/lodash.clonedeep/-/lodash.clonedeep-4.5.0.tgz#e23f3f9c4f8fbdde872529c1071857a086e5ccef"

lodash.flatten@^4.2.0:
  version "4.4.0"
  resolved "https://registry.yarnpkg.com/lodash.flatten/-/lodash.flatten-4.4.0.tgz#f31c22225a9632d2bbf8e4addbef240aa765a61f"

lodash.get@^4.0.0, lodash.get@^4.3.0:
  version "4.4.2"
  resolved "https://registry.yarnpkg.com/lodash.get/-/lodash.get-4.4.2.tgz#2d177f652fa31e939b4438d5341499dfa3825e99"

lodash.set@^4.3.0:
  version "4.3.2"
  resolved "https://registry.yarnpkg.com/lodash.set/-/lodash.set-4.3.2.tgz#d8757b1da807dde24816b0d6a84bea1a76230b23"

lodash.uniq@^4.3.0:
  version "4.5.0"
  resolved "https://registry.yarnpkg.com/lodash.uniq/-/lodash.uniq-4.5.0.tgz#d0225373aeb652adc1bc82e4945339a842754773"

minimist@^1.2.0:
  version "1.2.0"
  resolved "https://registry.yarnpkg.com/minimist/-/minimist-1.2.0.tgz#a35008b20f41383eec1fb914f4cd5df79a264284"

ms@0.7.1:
  version "0.7.1"
  resolved "https://registry.yarnpkg.com/ms/-/ms-0.7.1.tgz#9cd13c03adbff25b65effde7ce864ee952017098"

node-csv:
  version "0.1.2"
  resolved "https://registry.yarnpkg.com/node-csv/-/node-csv-0.1.2.tgz#ffc86df25f3dc0739020ab15121e2d3033e74700"

path-is-absolute@^1.0.0:
  version "1.0.1"
  resolved "https://registry.yarnpkg.com/path-is-absolute/-/path-is-absolute-1.0.1.tgz#174b9268735534ffbc7ace6bf53a5a9e1b5c5f5f"

stream-transform@^0.1.0:
  version "0.1.1"
  resolved "https://registry.yarnpkg.com/stream-transform/-/stream-transform-0.1.1.tgz#0a54a2b81eea88da55a50df2441cb63edc101c71"

